{
  "name": "bansuck",
  "version": "1.0.0",
  "lockfileVersion": 3,
  "requires": true,
  "packages": {
    "": {
      "name": "bansuck",
      "version": "1.0.0",
      "license": "ISC",
      "dependencies": {
        "jquery": "^3.7.1",
        "swiper": "^8.4.5"
      }
    },
    "node_modules/dom7": {
      "version": "4.0.6",
      "resolved": "https://registry.npmjs.org/dom7/-/dom7-4.0.6.tgz",
      "integrity": "sha512-emjdpPLhpNubapLFdjNL9tP06Sr+GZkrIHEXLWvOGsytACUrkbeIdjO5g77m00BrHTznnlcNqgmn7pCN192TBA==",
      "dependencies": {
        "ssr-window": "^4.0.0"
      }
    },
    "node_modules/jquery": {
      "version": "3.7.1",
      "resolved": "https://registry.npmjs.org/jquery/-/jquery-3.7.1.tgz",
      "integrity": "sha512-m4avr8yL8kmFN8psrbFFFmB/If14iN5o9nw/NgnnM+kybDJpRsAynV2BsfpTYrTRysYUdADVD7CkUUizgkpLfg=="
    },
    "node_modules/ssr-window": {
      "version": "4.0.2",
      "resolved": "https://registry.npmjs.org/ssr-window/-/ssr-window-4.0.2.tgz",
      "integrity": "sha512-ISv/Ch+ig7SOtw7G2+qkwfVASzazUnvlDTwypdLoPoySv+6MqlOV10VwPSE6EWkGjhW50lUmghPmpYZXMu/+AQ=="
    },
    "node_modules/swiper": {
      "version": "8.4.5",
      "resolved": "https://registry.npmjs.org/swiper/-/swiper-8.4.5.tgz",
      "integrity": "sha512-zveyEFBBv4q1sVkbJHnuH4xCtarKieavJ4SxP0QEHvdpPLJRuD7j/Xg38IVVLbp7Db6qrPsLUePvxohYx39Agw==",
      "funding": [
        {
          "type": "patreon",
          "url": "https://www.patreon.com/swiperjs"
        },
        {
          "type": "open_collective",
          "url": "http://opencollective.com/swiper"
        }
      ],
      "hasInstallScript": true,
      "dependencies": {
        "dom7": "^4.0.4",
        "ssr-window": "^4.0.2"
      },
      "engines": {
        "node": ">= 4.7.0"
      }
    }
  }
}
